
Microsoft Visual Studio Solution File, Format Version 12.00
# Visual Studio 2012
Project("{FAE04EC0-301F-11D3-BF4B-00C04F79EFBC}") = "Codebot.Web", "..\..\Libraries\Codebot.Web\Codebot.Web.csproj", "{3EF952A5-3A79-4E08-AC49-FD2FAD7F7684}"
EndProject
Project("{FAE04EC0-301F-11D3-BF4B-00C04F79EFBC}") = "Codebot", "..\..\Libraries\Codebot\Codebot.csproj", "{7A745D4E-E9D4-4CC9-B0A0-9D272FD388F5}"
EndProject
Project("{FAE04EC0-301F-11D3-BF4B-00C04F79EFBC}") = "Codebot.Automation", "..\..\Libraries\Codebot.Automation\Codebot.Automation.csproj", "{3F3C0561-2659-4E09-9175-6C25204F8AA5}"
EndProject
Global
	GlobalSection(SolutionConfigurationPlatforms) = preSolution
		Debug|Any CPU = Debug|Any CPU
		Release|Any CPU = Release|Any CPU
	EndGlobalSection
	GlobalSection(ProjectConfigurationPlatforms) = postSolution
		{3EF952A5-3A79-4E08-AC49-FD2FAD7F7684}.Debug|Any CPU.ActiveCfg = Debug|Any CPU
		{3EF952A5-3A79-4E08-AC49-FD2FAD7F7684}.Debug|Any CPU.Build.0 = Debug|Any CPU
		{3EF952A5-3A79-4E08-AC49-FD2FAD7F7684}.Release|Any CPU.ActiveCfg = Release|Any CPU
		{3EF952A5-3A79-4E08-AC49-FD2FAD7F7684}.Release|Any CPU.Build.0 = Release|Any CPU
		{7A745D4E-E9D4-4CC9-B0A0-9D272FD388F5}.Debug|Any CPU.ActiveCfg = Debug|Any CPU
		{7A745D4E-E9D4-4CC9-B0A0-9D272FD388F5}.Debug|Any CPU.Build.0 = Debug|Any CPU
		{7A745D4E-E9D4-4CC9-B0A0-9D272FD388F5}.Release|Any CPU.ActiveCfg = Release|Any CPU
		{7A745D4E-E9D4-4CC9-B0A0-9D272FD388F5}.Release|Any CPU.Build.0 = Release|Any CPU
		{3F3C0561-2659-4E09-9175-6C25204F8AA5}.Debug|Any CPU.ActiveCfg = Debug|Any CPU
		{3F3C0561-2659-4E09-9175-6C25204F8AA5}.Debug|Any CPU.Build.0 = Debug|Any CPU
		{3F3C0561-2659-4E09-9175-6C25204F8AA5}.Release|Any CPU.ActiveCfg = Release|Any CPU
		{3F3C0561-2659-4E09-9175-6C25204F8AA5}.Release|Any CPU.Build.0 = Release|Any CPU
	EndGlobalSection
EndGlobal
